# This file is automatically @generated by Cargo.
# It is not intended for manual editing.
version = 4

[[package]]
name = "agent"
version = "0.1.0"

[[package]]
name = "domain"
version = "0.1.0"

[[package]]
name = "engine"
version = "0.1.0"

[[package]]
name = "hub"
version = "0.1.0"

[[package]]
name = "hub-docsearch"
version = "0.1.0"

[[package]]
name = "hub-identity"
version = "0.1.0"

[[package]]
name = "hub-mcp"
version = "0.1.0"

[[package]]
name = "hub-platform"
version = "0.1.0"

[[package]]
name = "hub-registry"
version = "0.1.0"

[[package]]
name = "hub-writes"
version = "0.1.0"

[[package]]
name = "ports"
version = "0.1.0"

[[package]]
name = "proto"
version = "0.1.0"

[[package]]
name = "sentinel"
version = "0.1.0"

[[package]]
name = "xtask"
version = "0.1.0"
